
Microsoft Visual Studio Solution File, Format Version 12.00
# Visual Studio Version 16
VisualStudioVersion = 16.0.28729.10
MinimumVisualStudioVersion = 10.0.40219.1
Project("{FAE04EC0-301F-11D3-BF4B-00C04F79EFBC}") = "HttpMessageHandler", "HttpMessageHandler\HttpMessageHandler.csproj", "{76F4E082-7225-4A65-85C2-AD3528A4A9B9}"
EndProject
Global
	GlobalSection(SolutionConfigurationPlatforms) = preSolution
		Debug|Any CPU = Debug|Any CPU
		Release|Any CPU = Release|Any CPU
	EndGlobalSection
	GlobalSection(ProjectConfigurationPlatforms) = postSolution
		{76F4E082-7225-4A65-85C2-AD3528A4A9B9}.Debug|Any CPU.ActiveCfg = Debug|Any CPU
		{76F4E082-7225-4A65-85C2-AD3528A4A9B9}.Debug|Any CPU.Build.0 = Debug|Any CPU
		{76F4E082-7225-4A65-85C2-AD3528A4A9B9}.Release|Any CPU.ActiveCfg = Release|Any CPU
		{76F4E082-7225-4A65-85C2-AD3528A4A9B9}.Release|Any CPU.Build.0 = Release|Any CPU
	EndGlobalSection
	GlobalSection(SolutionProperties) = preSolution
		HideSolutionNode = FALSE
	EndGlobalSection
	GlobalSection(ExtensibilityGlobals) = postSolution
		SolutionGuid = {D5F783BB-8B62-473A-853E-92E6CAF1079B}
	EndGlobalSection
EndGlobal
